
Microsoft Visual Studio Solution File, Format Version 12.00
# Visual Studio 15
VisualStudioVersion = 15.0.27130.2020
MinimumVisualStudioVersion = 10.0.40219.1
Project("{FAE04EC0-301F-11D3-BF4B-00C04F79EFBC}") = "AiProject", "AiProject\AiProject.csproj", "{FDD59EE1-A8E0-4B67-858F-C217A2CC259B}"
EndProject
Global
	GlobalSection(SolutionConfigurationPlatforms) = preSolution
		Debug|Any CPU = Debug|Any CPU
		Release|Any CPU = Release|Any CPU
	EndGlobalSection
	GlobalSection(ProjectConfigurationPlatforms) = postSolution
		{FDD59EE1-A8E0-4B67-858F-C217A2CC259B}.Debug|Any CPU.ActiveCfg = Debug|Any CPU
		{FDD59EE1-A8E0-4B67-858F-C217A2CC259B}.Debug|Any CPU.Build.0 = Debug|Any CPU
		{FDD59EE1-A8E0-4B67-858F-C217A2CC259B}.Release|Any CPU.ActiveCfg = Release|Any CPU
		{FDD59EE1-A8E0-4B67-858F-C217A2CC259B}.Release|Any CPU.Build.0 = Release|Any CPU
	EndGlobalSection
	GlobalSection(SolutionProperties) = preSolution
		HideSolutionNode = FALSE
	EndGlobalSection
	GlobalSection(ExtensibilityGlobals) = postSolution
		SolutionGuid = {A4851CE3-E25D-47A6-9454-032CDBCDF8C0}
	EndGlobalSection
EndGlobal
